
Microsoft Visual Studio Solution File, Format Version 12.00
# Visual Studio Version 17
VisualStudioVersion = 17.9.34622.214
MinimumVisualStudioVersion = 10.0.40219.1
Project("{FAE04EC0-301F-11D3-BF4B-00C04F79EFBC}") = "GameVaultLibrary", "Libraries\GameVaultLibrary\GameVaultLibrary.csproj", "{2351B5C1-6E28-4B79-A1D9-90FDA53B5417}"
EndProject
Project("{2150E333-8FDC-42A3-9474-1A3956D46DE8}") = "Solution", "Solution", "{18765497-22E1-44B3-8868-742BF1FD5C7F}"
	ProjectSection(SolutionItems) = preProject
		..\README.MD = ..\README.MD
	EndProjectSection
EndProject
Global
	GlobalSection(SolutionConfigurationPlatforms) = preSolution
		Debug|Any CPU = Debug|Any CPU
		Release|Any CPU = Release|Any CPU
	EndGlobalSection
	GlobalSection(ProjectConfigurationPlatforms) = postSolution
		{2351B5C1-6E28-4B79-A1D9-90FDA53B5417}.Debug|Any CPU.ActiveCfg = Debug|Any CPU
		{2351B5C1-6E28-4B79-A1D9-90FDA53B5417}.Debug|Any CPU.Build.0 = Debug|Any CPU
		{2351B5C1-6E28-4B79-A1D9-90FDA53B5417}.Release|Any CPU.ActiveCfg = Release|Any CPU
		{2351B5C1-6E28-4B79-A1D9-90FDA53B5417}.Release|Any CPU.Build.0 = Release|Any CPU
	EndGlobalSection
	GlobalSection(SolutionProperties) = preSolution
		HideSolutionNode = FALSE
	EndGlobalSection
	GlobalSection(ExtensibilityGlobals) = postSolution
		SolutionGuid = {BA374DCB-5A26-4F59-907B-CE3A55D0701A}
	EndGlobalSection
EndGlobal
